
Microsoft Visual Studio Solution File, Format Version 12.00
# Visual Studio Version 17
VisualStudioVersion = 17.7.34031.279
MinimumVisualStudioVersion = 10.0.40219.1
Project("{FAE04EC0-301F-11D3-BF4B-00C04F79EFBC}") = "API Testing with Playwright", "API Testing with Playwright\API Testing with Playwright.csproj", "{C5E59890-2604-4597-B47B-954588C13745}"
EndProject
Global
	GlobalSection(SolutionConfigurationPlatforms) = preSolution
		Debug|Any CPU = Debug|Any CPU
		Release|Any CPU = Release|Any CPU
	EndGlobalSection
	GlobalSection(ProjectConfigurationPlatforms) = postSolution
		{C5E59890-2604-4597-B47B-954588C13745}.Debug|Any CPU.ActiveCfg = Debug|Any CPU
		{C5E59890-2604-4597-B47B-954588C13745}.Debug|Any CPU.Build.0 = Debug|Any CPU
		{C5E59890-2604-4597-B47B-954588C13745}.Release|Any CPU.ActiveCfg = Release|Any CPU
		{C5E59890-2604-4597-B47B-954588C13745}.Release|Any CPU.Build.0 = Release|Any CPU
	EndGlobalSection
	GlobalSection(SolutionProperties) = preSolution
		HideSolutionNode = FALSE
	EndGlobalSection
	GlobalSection(ExtensibilityGlobals) = postSolution
		SolutionGuid = {C76FB35F-0C22-4A0A-92EB-CEF2E4678B9B}
	EndGlobalSection
EndGlobal
